{
  "version": 4,
  "terraform_version": "1.15.9",
  "serial": 4,
  "lineage": "a97d8c07-7748-7d04-abfb-e8c27a89068f",
  "outputs": {
    "user_arn": {
      "value": "arn:aws:iam::686566045091:user/terraform-admin-user",
      "type": "string"
    },
    "username": {
      "value": "terraform-admin-user",
      "type": "string"
    }
  },
  "resources": [
    {
      "mode": "managed",
      "type": "aws_iam_user",
      "name": "admin",
      "provider": "provider[\"registry.terraform.io/hashicorp/aws\"]",
      "instances": [
        {
          "schema_version": 0,
          "attributes": {
            "arn": "arn:aws:iam::686566045091:user/terraform-admin-user",
            "force_destroy": false,
            "id": "terraform-admin-user",
            "name": "terraform-admin-user",
            "path": "/",
            "permissions_boundary": "",
            "tags": {
              "Name": "Terraform IAM User"
            },
            "tags_all": {
              "Name": "Terraform IAM User"
            },
            "unique_id": "AIDAZ7WUGOWR4Z34M7VAF"
          },
          "sensitive_attributes": [],
          "identity_schema_version": 0,
          "identity": {
            "account_id": "686566045091",
            "name": "terraform-admin-user"
          },
          "private": "bnVsbA=="
        }
      ]
    },
    {
      "mode": "managed",
      "type": "aws_iam_user_policy_attachment",
      "name": "administrator",
      "provider": "provider[\"registry.terraform.io/hashicorp/aws\"]",
      "instances": [
        {
          "schema_version": 0,
          "attributes": {
            "id": "terraform-admin-user/arn:aws:iam::aws:policy/AdministratorAccess",
            "policy_arn": "arn:aws:iam::aws:policy/AdministratorAccess",
            "user": "terraform-admin-user"
          },
          "sensitive_attributes": [],
          "identity_schema_version": 0,
          "identity": {
            "account_id": "686566045091",
            "policy_arn": "arn:aws:iam::aws:policy/AdministratorAccess",
            "user": "terraform-admin-user"
          },
          "private": "bnVsbA==",
          "dependencies": [
            "aws_iam_user.admin"
          ]
        }
      ]
    },
    {
      "mode": "managed",
      "type": "aws_iam_user_policy_attachment",
      "name": "ec2",
      "provider": "provider[\"registry.terraform.io/hashicorp/aws\"]",
      "instances": [
        {
          "schema_version": 0,
          "attributes": {
            "id": "terraform-admin-user/arn:aws:iam::aws:policy/AmazonEC2FullAccess",
            "policy_arn": "arn:aws:iam::aws:policy/AmazonEC2FullAccess",
            "user": "terraform-admin-user"
          },
          "sensitive_attributes": [],
          "identity_schema_version": 0,
          "identity": {
            "account_id": "686566045091",
            "policy_arn": "arn:aws:iam::aws:policy/AmazonEC2FullAccess",
            "user": "terraform-admin-user"
          },
          "private": "bnVsbA==",
          "dependencies": [
            "aws_iam_user.admin"
          ]
        }
      ]
    }
  ],
  "check_results": null
}
